
Microsoft Visual Studio Solution File, Format Version 12.00
# Visual Studio Version 17
VisualStudioVersion = 17.5.33530.505
MinimumVisualStudioVersion = 10.0.40219.1
Project("{FAE04EC0-301F-11D3-BF4B-00C04F79EFBC}") = "DatabaseFinalProject", "DatabaseFinalProject\DatabaseFinalProject.csproj", "{2116F902-F456-458A-BD2D-2C9A7F4DB977}"
EndProject
Global
	GlobalSection(SolutionConfigurationPlatforms) = preSolution
		Debug|Any CPU = Debug|Any CPU
		Release|Any CPU = Release|Any CPU
	EndGlobalSection
	GlobalSection(ProjectConfigurationPlatforms) = postSolution
		{2116F902-F456-458A-BD2D-2C9A7F4DB977}.Debug|Any CPU.ActiveCfg = Debug|Any CPU
		{2116F902-F456-458A-BD2D-2C9A7F4DB977}.Debug|Any CPU.Build.0 = Debug|Any CPU
		{2116F902-F456-458A-BD2D-2C9A7F4DB977}.Release|Any CPU.ActiveCfg = Release|Any CPU
		{2116F902-F456-458A-BD2D-2C9A7F4DB977}.Release|Any CPU.Build.0 = Release|Any CPU
	EndGlobalSection
	GlobalSection(SolutionProperties) = preSolution
		HideSolutionNode = FALSE
	EndGlobalSection
	GlobalSection(ExtensibilityGlobals) = postSolution
		SolutionGuid = {4785D402-AD57-4A19-8BD1-4AC213E132BD}
	EndGlobalSection
EndGlobal
